{
  "name": "community",
  "version": "1.0.0",
  "lockfileVersion": 3,
  "requires": true,
  "packages": {
    "": {
      "name": "community",
      "version": "1.0.0",
      "license": "ISC",
      "workspaces": [
        "Content/app",
        "Api",
        "Client",
        "Dashboard",
        "Database"
      ],
      "dependencies": {
        "@lyttledev/api": "file:Api",
        "@lyttledev/client": "file:Client",
        "@lyttledev/content": "file:Content/app",
        "@lyttledev/dashboard": "file:Dashboard",
        "@lyttledev/database": "file:Database"
      },
      "engines": {
        "node": "18.15.0",
        "npm": "9.6.3"
      }
    },
    "Api": {
      "name": "@lyttledev/api",
      "version": "1.0.0",
      "license": "ISC",
      "engines": {
        "node": "18.15.0",
        "npm": "9.6.3"
      }
    },
    "Client": {
      "name": "@lyttledev/client",
      "version": "1.0.0",
      "license": "ISC",
      "engines": {
        "node": "18.15.0",
        "npm": "9.6.3"
      }
    },
    "Content/app": {
      "name": "@lyttledev/content",
      "version": "1.0.0",
      "license": "ISC",
      "dependencies": {
        "typescript": "^4.9.5"
      },
      "devDependencies": {
        "@types/node": "^18.14.6"
      },
      "engines": {
        "node": "18.15.0",
        "npm": "9.6.3"
      }
    },
    "Dashboard": {
      "name": "@lyttledev/dashboard",
      "version": "1.0.0",
      "license": "ISC",
      "engines": {
        "node": "18.15.0",
        "npm": "9.6.3"
      }
    },
    "Database": {
      "name": "@lyttledev/database",
      "version": "1.0.0",
      "license": "ISC",
      "engines": {
        "node": "18.15.0",
        "npm": "9.6.3"
      }
    },
    "node_modules/@lyttledev/api": {
      "resolved": "Api",
      "link": true
    },
    "node_modules/@lyttledev/client": {
      "resolved": "Client",
      "link": true
    },
    "node_modules/@lyttledev/content": {
      "resolved": "Content/app",
      "link": true
    },
    "node_modules/@lyttledev/dashboard": {
      "resolved": "Dashboard",
      "link": true
    },
    "node_modules/@lyttledev/database": {
      "resolved": "Database",
      "link": true
    },
    "node_modules/@types/node": {
      "version": "18.15.11",
      "dev": true,
      "license": "MIT"
    },
    "node_modules/typescript": {
      "version": "4.9.5",
      "license": "Apache-2.0",
      "bin": {
        "tsc": "bin/tsc",
        "tsserver": "bin/tsserver"
      },
      "engines": {
        "node": ">=4.2.0"
      }
    }
  }
}
