{
  "name": "community",
  "version": "1.0.0",
  "lockfileVersion": 3,
  "requires": true,
  "packages": {
    "": {
      "name": "community",
      "version": "1.0.0",
      "license": "ISC",
      "workspaces": [
        "Content",
        "Api",
        "Client",
        "Dashboard",
        "Database"
      ],
      "dependencies": {
        "content": ">=3.0.7"
      },
      "devDependencies": {
        "content": ">=3.0.7"
      },
      "engines": {
        "node": "18.15.0",
        "npm": "9.6.3"
      }
    },
    "Api": {
      "name": "api",
      "version": "1.0.0",
      "license": "ISC",
      "engines": {
        "node": "18.15.0",
        "npm": "9.6.3"
      }
    },
    "Client": {
      "name": "client",
      "version": "1.0.0",
      "license": "ISC",
      "engines": {
        "node": "18.15.0",
        "npm": "9.6.3"
      }
    },
    "Dashboard": {
      "name": "dashboard",
      "version": "1.0.0",
      "license": "ISC",
      "engines": {
        "node": "18.15.0",
        "npm": "9.6.3"
      }
    },
    "Database": {
      "name": "database",
      "version": "1.0.0",
      "license": "ISC",
      "engines": {
        "node": "18.15.0",
        "npm": "9.6.3"
      }
    },
    "node_modules/api": {
      "resolved": "Api",
      "link": true
    },
    "node_modules/boom": {
      "version": "7.3.0",
      "resolved": "https://registry.npmjs.org/boom/-/boom-7.3.0.tgz",
      "integrity": "sha512-Swpoyi2t5+GhOEGw8rEsKvTxFLIDiiKoUc2gsoV6Lyr43LHBIzch3k2MvYUs8RTROrIkVJ3Al0TkaOGjnb+B6A==",
      "deprecated": "This module has moved and is now available at @hapi/boom. Please update your dependencies as this version is no longer maintained an may contain bugs and security issues.",
      "dev": true,
      "dependencies": {
        "hoek": "6.x.x"
      }
    },
    "node_modules/client": {
      "resolved": "Client",
      "link": true
    },
    "node_modules/content": {
      "version": "4.0.6",
      "resolved": "https://registry.npmjs.org/content/-/content-4.0.6.tgz",
      "integrity": "sha512-lR9ND3dXiMdmsE84K6l02rMdgiBVmtYWu1Vr/gfSGHcIcznBj2QxmSdUgDuNFOA+G9yrb1IIWkZ7aKtB6hDGyA==",
      "deprecated": "This module has moved and is now available at @hapi/content. Please update your dependencies as this version is no longer maintained an may contain bugs and security issues.",
      "dev": true,
      "dependencies": {
        "boom": "7.x.x"
      }
    },
    "node_modules/dashboard": {
      "resolved": "Dashboard",
      "link": true
    },
    "node_modules/database": {
      "resolved": "Database",
      "link": true
    },
    "node_modules/hoek": {
      "version": "6.1.3",
      "resolved": "https://registry.npmjs.org/hoek/-/hoek-6.1.3.tgz",
      "integrity": "sha512-YXXAAhmF9zpQbC7LEcREFtXfGq5K1fmd+4PHkBq8NUqmzW3G+Dq10bI/i0KucLRwss3YYFQ0fSfoxBZYiGUqtQ==",
      "deprecated": "This module has moved and is now available at @hapi/hoek. Please update your dependencies as this version is no longer maintained an may contain bugs and security issues.",
      "dev": true
    }
  }
}
