{
  "name": "community",
  "version": "1.0.0",
  "lockfileVersion": 3,
  "requires": true,
  "packages": {
    "": {
      "name": "community",
      "version": "1.0.0",
      "license": "ISC",
      "workspaces": [
        "Content",
        "Api",
        "Client",
        "Dashboard",
        "Database"
      ],
      "engines": {
        "node": "18.15.0",
        "npm": "9.6.3"
      }
    },
    "Api": {
      "name": "api",
      "version": "1.0.0",
      "license": "ISC",
      "engines": {
        "node": "18.15.0",
        "npm": "9.6.3"
      }
    },
    "Client": {
      "name": "client",
      "version": "1.0.0",
      "license": "ISC",
      "engines": {
        "node": "18.15.0",
        "npm": "9.6.3"
      }
    },
    "Content": {
      "extraneous": true
    },
    "Dashboard": {
      "name": "dashboard",
      "version": "1.0.0",
      "license": "ISC",
      "engines": {
        "node": "18.15.0",
        "npm": "9.6.3"
      }
    },
    "Database": {
      "name": "database",
      "version": "1.0.0",
      "license": "ISC",
      "engines": {
        "node": "18.15.0",
        "npm": "9.6.3"
      }
    },
    "node_modules/api": {
      "resolved": "Api",
      "link": true
    },
    "node_modules/client": {
      "resolved": "Client",
      "link": true
    },
    "node_modules/dashboard": {
      "resolved": "Dashboard",
      "link": true
    },
    "node_modules/database": {
      "resolved": "Database",
      "link": true
    }
  }
}
